
Microsoft Visual Studio Solution File, Format Version 12.00
# Visual Studio Version 16
VisualStudioVersion = 16.0.31624.102
MinimumVisualStudioVersion = 10.0.40219.1
Project("{FAE04EC0-301F-11D3-BF4B-00C04F79EFBC}") = "OOPTreasureHunt", "OOPTreasureHunt\OOPTreasureHunt.csproj", "{ADFB87E2-BE39-4C7A-AAEF-2E5B89D92012}"
EndProject
Global
	GlobalSection(SolutionConfigurationPlatforms) = preSolution
		Debug|Any CPU = Debug|Any CPU
		Release|Any CPU = Release|Any CPU
	EndGlobalSection
	GlobalSection(ProjectConfigurationPlatforms) = postSolution
		{ADFB87E2-BE39-4C7A-AAEF-2E5B89D92012}.Debug|Any CPU.ActiveCfg = Debug|Any CPU
		{ADFB87E2-BE39-4C7A-AAEF-2E5B89D92012}.Debug|Any CPU.Build.0 = Debug|Any CPU
		{ADFB87E2-BE39-4C7A-AAEF-2E5B89D92012}.Release|Any CPU.ActiveCfg = Release|Any CPU
		{ADFB87E2-BE39-4C7A-AAEF-2E5B89D92012}.Release|Any CPU.Build.0 = Release|Any CPU
	EndGlobalSection
	GlobalSection(SolutionProperties) = preSolution
		HideSolutionNode = FALSE
	EndGlobalSection
	GlobalSection(ExtensibilityGlobals) = postSolution
		SolutionGuid = {0F75AFEF-6528-4A06-891C-E1227E142ED5}
	EndGlobalSection
EndGlobal
